
Microsoft Visual Studio Solution File, Format Version 12.00
# Visual Studio Version 17
VisualStudioVersion = 17.8.34511.84
MinimumVisualStudioVersion = 10.0.40219.1
Project("{2150E333-8FDC-42A3-9474-1A3956D46DE8}") = "FrontEnd", "FrontEnd", "{25E5E450-1E43-40B3-B268-24CB80575229}"
EndProject
Project("{2150E333-8FDC-42A3-9474-1A3956D46DE8}") = "Gateway", "Gateway", "{CEFD9186-B82D-4374-9733-E9E8ACF8B937}"
EndProject
Project("{2150E333-8FDC-42A3-9474-1A3956D46DE8}") = "Integration", "Integration", "{F936413A-28F5-4ED4-ABFB-D2E937BE70F3}"
EndProject
Project("{2150E333-8FDC-42A3-9474-1A3956D46DE8}") = "Services", "Services", "{D612992D-3359-4839-896C-27C0283AD293}"
EndProject
Project("{9A19103F-16F7-4668-BE54-9A1E7A4F7556}") = "AnyaStore.Services.CouponAPI", "AnyaStore.Services.CouponAPI\AnyaStore.Services.CouponAPI.csproj", "{AC50B762-560A-496E-85CA-7EA586930AB6}"
EndProject
Project("{9A19103F-16F7-4668-BE54-9A1E7A4F7556}") = "AnyaStore.Web", "AnyaStore.Web\AnyaStore.Web.csproj", "{3A052D53-4BEC-4293-A55F-D0BD277FC704}"
EndProject
Project("{FAE04EC0-301F-11D3-BF4B-00C04F79EFBC}") = "AnyaStore.Services.AuthAPI", "AnyaStore.Services.AuthAPI\AnyaStore.Services.AuthAPI.csproj", "{DEEF393B-2C2F-46DC-8D76-DC3A0D52EC15}"
EndProject
Global
	GlobalSection(SolutionConfigurationPlatforms) = preSolution
		Debug|Any CPU = Debug|Any CPU
		Release|Any CPU = Release|Any CPU
	EndGlobalSection
	GlobalSection(ProjectConfigurationPlatforms) = postSolution
		{AC50B762-560A-496E-85CA-7EA586930AB6}.Debug|Any CPU.ActiveCfg = Debug|Any CPU
		{AC50B762-560A-496E-85CA-7EA586930AB6}.Debug|Any CPU.Build.0 = Debug|Any CPU
		{AC50B762-560A-496E-85CA-7EA586930AB6}.Release|Any CPU.ActiveCfg = Release|Any CPU
		{AC50B762-560A-496E-85CA-7EA586930AB6}.Release|Any CPU.Build.0 = Release|Any CPU
		{3A052D53-4BEC-4293-A55F-D0BD277FC704}.Debug|Any CPU.ActiveCfg = Debug|Any CPU
		{3A052D53-4BEC-4293-A55F-D0BD277FC704}.Debug|Any CPU.Build.0 = Debug|Any CPU
		{3A052D53-4BEC-4293-A55F-D0BD277FC704}.Release|Any CPU.ActiveCfg = Release|Any CPU
		{3A052D53-4BEC-4293-A55F-D0BD277FC704}.Release|Any CPU.Build.0 = Release|Any CPU
		{DEEF393B-2C2F-46DC-8D76-DC3A0D52EC15}.Debug|Any CPU.ActiveCfg = Debug|Any CPU
		{DEEF393B-2C2F-46DC-8D76-DC3A0D52EC15}.Debug|Any CPU.Build.0 = Debug|Any CPU
		{DEEF393B-2C2F-46DC-8D76-DC3A0D52EC15}.Release|Any CPU.ActiveCfg = Release|Any CPU
		{DEEF393B-2C2F-46DC-8D76-DC3A0D52EC15}.Release|Any CPU.Build.0 = Release|Any CPU
	EndGlobalSection
	GlobalSection(SolutionProperties) = preSolution
		HideSolutionNode = FALSE
	EndGlobalSection
	GlobalSection(NestedProjects) = preSolution
		{AC50B762-560A-496E-85CA-7EA586930AB6} = {D612992D-3359-4839-896C-27C0283AD293}
		{3A052D53-4BEC-4293-A55F-D0BD277FC704} = {25E5E450-1E43-40B3-B268-24CB80575229}
		{DEEF393B-2C2F-46DC-8D76-DC3A0D52EC15} = {D612992D-3359-4839-896C-27C0283AD293}
	EndGlobalSection
	GlobalSection(ExtensibilityGlobals) = postSolution
		SolutionGuid = {A88E1832-7040-4D86-B28D-115B28916352}
	EndGlobalSection
EndGlobal
